<Solution>
  <Project Path="SqlBuilder.App/SqlBuilder.App.csproj" />
  <!-- Antlr.Oracle.Generated excluded from automatic builds - build manually when needed -->
  <!-- <Project Path="Antlr.Oracle.Generated/Antlr.Oracle.Generated.csproj" /> -->
  <Project Path="SqlBuilder/SqlBuilder.csproj" />
</Solution>
