<Solution>
  <Project Path="Sql.Builder.App/Sql.Builder.App.csproj" />
  <!-- Antlr.Oracle.Generated excluded from automatic builds - build manually when needed -->
  <!-- <Project Path="Antlr.Oracle.Generated/Antlr.Oracle.Generated.csproj" /> -->
  <Project Path="Sql.Builder/Sql.Builder.csproj" />
</Solution>
