<Solution>
  <Project Path="SqlBuilderApp/SqlBuilderApp.csproj" />
  <!-- SqlBuilderLib.Generated excluded from automatic builds - build manually when needed -->
  <!-- <Project Path="SqlBuilderLib.Generated/SqlBuilderLib.Generated.csproj" /> -->
  <Project Path="SqlBuilderLib/SqlBuilderLib.csproj" />
</Solution>
